
Microsoft Visual Studio Solution File, Format Version 12.00
# Visual Studio Version 16
VisualStudioVersion = 16.0.30204.135
MinimumVisualStudioVersion = 10.0.40219.1
Project("{FAE04EC0-301F-11D3-BF4B-00C04F79EFBC}") = "Colombraro", "Colombraro\Colombraro.csproj", "{61C41D58-2877-400B-9665-F0BE4454886E}"
EndProject
Global
	GlobalSection(SolutionConfigurationPlatforms) = preSolution
		Debug|Any CPU = Debug|Any CPU
		Release|Any CPU = Release|Any CPU
	EndGlobalSection
	GlobalSection(ProjectConfigurationPlatforms) = postSolution
		{61C41D58-2877-400B-9665-F0BE4454886E}.Debug|Any CPU.ActiveCfg = Debug|Any CPU
		{61C41D58-2877-400B-9665-F0BE4454886E}.Debug|Any CPU.Build.0 = Debug|Any CPU
		{61C41D58-2877-400B-9665-F0BE4454886E}.Release|Any CPU.ActiveCfg = Release|Any CPU
		{61C41D58-2877-400B-9665-F0BE4454886E}.Release|Any CPU.Build.0 = Release|Any CPU
	EndGlobalSection
	GlobalSection(SolutionProperties) = preSolution
		HideSolutionNode = FALSE
	EndGlobalSection
	GlobalSection(ExtensibilityGlobals) = postSolution
		SolutionGuid = {B8E1D413-7255-409C-B588-91AFDA3953C9}
	EndGlobalSection
EndGlobal
